// !$*UTF8*$!
{
	archiveVersion = 1;
	classes = {
	};
	objectVersion = 50;
	objects = {

/* Begin PBXBuildFile section */
		120A4D7C2334A68000674582 /* AppDelegate.swift in Sources */ = {isa = PBXBuildFile; fileRef = 120A4D7B2334A68000674582 /* AppDelegate.swift */; };
		120A4D7E2334A68000674582 /* ViewController.swift in Sources */ = {isa = PBXBuildFile; fileRef = 120A4D7D2334A68000674582 /* ViewController.swift */; };
		120A4D812334A68000674582 /* Main.storyboard in Resources */ = {isa = PBXBuildFile; fileRef = 120A4D7F2334A68000674582 /* Main.storyboard */; };
		120A4D832334A68000674582 /* Assets.xcassets in Resources */ = {isa = PBXBuildFile; fileRef = 120A4D822334A68000674582 /* Assets.xcassets */; };
		120A4D862334A68000674582 /* LaunchScreen.storyboard in Resources */ = {isa = PBXBuildFile; fileRef = 120A4D842334A68000674582 /* LaunchScreen.storyboard */; };
		120A4D912334A68100674582 /* TicTokInspiredTableViewTests.swift in Sources */ = {isa = PBXBuildFile; fileRef = 120A4D902334A68100674582 /* TicTokInspiredTableViewTests.swift */; };
		120A4D9C2334A68100674582 /* TicTokInspiredTableViewUITests.swift in Sources */ = {isa = PBXBuildFile; fileRef = 120A4D9B2334A68100674582 /* TicTokInspiredTableViewUITests.swift */; };
		120A4DAA2334A70F00674582 /* View.swift in Sources */ = {isa = PBXBuildFile; fileRef = 120A4DA92334A70F00674582 /* View.swift */; };
		120A4DAC2334A7C200674582 /* TTableViewTableViewController.swift in Sources */ = {isa = PBXBuildFile; fileRef = 120A4DAB2334A7C200674582 /* TTableViewTableViewController.swift */; };
		120A4DAE2334A7FE00674582 /* TTableViewCell.swift in Sources */ = {isa = PBXBuildFile; fileRef = 120A4DAD2334A7FE00674582 /* TTableViewCell.swift */; };
		120A4DB12334D57C00674582 /* TITableViewController.swift in Sources */ = {isa = PBXBuildFile; fileRef = 120A4DB02334D57C00674582 /* TITableViewController.swift */; };
		1267D9392335F9F2004DC2AF /* PlayVideo.swift in Sources */ = {isa = PBXBuildFile; fileRef = 1267D9382335F9F2004DC2AF /* PlayVideo.swift */; };
/* End PBXBuildFile section */

/* Begin PBXContainerItemProxy section */
		120A4D8D2334A68100674582 /* PBXContainerItemProxy */ = {
			isa = PBXContainerItemProxy;
			containerPortal = 120A4D702334A68000674582 /* Project object */;
			proxyType = 1;
			remoteGlobalIDString = 120A4D772334A68000674582;
			remoteInfo = TicTokInspiredTableView;
		};
		120A4D982334A68100674582 /* PBXContainerItemProxy */ = {
			isa = PBXContainerItemProxy;
			containerPortal = 120A4D702334A68000674582 /* Project object */;
			proxyType = 1;
			remoteGlobalIDString = 120A4D772334A68000674582;
			remoteInfo = TicTokInspiredTableView;
		};
/* End PBXContainerItemProxy section */

/* Begin PBXFileReference section */
		120A4D782334A68000674582 /* TicTokInspiredTableView.app */ = {isa = PBXFileReference; explicitFileType = wrapper.application; includeInIndex = 0; path = TicTokInspiredTableView.app; sourceTree = BUILT_PRODUCTS_DIR; };
		120A4D7B2334A68000674582 /* AppDelegate.swift */ = {isa = PBXFileReference; lastKnownFileType = sourcecode.swift; path = AppDelegate.swift; sourceTree = "<group>"; };
		120A4D7D2334A68000674582 /* ViewController.swift */ = {isa = PBXFileReference; lastKnownFileType = sourcecode.swift; path = ViewController.swift; sourceTree = "<group>"; };
		120A4D802334A68000674582 /* Base */ = {isa = PBXFileReference; lastKnownFileType = file.storyboard; name = Base; path = Base.lproj/Main.storyboard; sourceTree = "<group>"; };
		120A4D822334A68000674582 /* Assets.xcassets */ = {isa = PBXFileReference; lastKnownFileType = folder.assetcatalog; path = Assets.xcassets; sourceTree = "<group>"; };
		120A4D852334A68000674582 /* Base */ = {isa = PBXFileReference; lastKnownFileType = file.storyboard; name = Base; path = Base.lproj/LaunchScreen.storyboard; sourceTree = "<group>"; };
		120A4D872334A68000674582 /* Info.plist */ = {isa = PBXFileReference; lastKnownFileType = text.plist.xml; path = Info.plist; sourceTree = "<group>"; };
		120A4D8C2334A68100674582 /* TicTokInspiredTableViewTests.xctest */ = {isa = PBXFileReference; explicitFileType = wrapper.cfbundle; includeInIndex = 0; path = TicTokInspiredTableViewTests.xctest; sourceTree = BUILT_PRODUCTS_DIR; };
		120A4D902334A68100674582 /* TicTokInspiredTableViewTests.swift */ = {isa = PBXFileReference; lastKnownFileType = sourcecode.swift; path = TicTokInspiredTableViewTests.swift; sourceTree = "<group>"; };
		120A4D922334A68100674582 /* Info.plist */ = {isa = PBXFileReference; lastKnownFileType = text.plist.xml; path = Info.plist; sourceTree = "<group>"; };
		120A4D972334A68100674582 /* TicTokInspiredTableViewUITests.xctest */ = {isa = PBXFileReference; explicitFileType = wrapper.cfbundle; includeInIndex = 0; path = TicTokInspiredTableViewUITests.xctest; sourceTree = BUILT_PRODUCTS_DIR; };
		120A4D9B2334A68100674582 /* TicTokInspiredTableViewUITests.swift */ = {isa = PBXFileReference; lastKnownFileType = sourcecode.swift; path = TicTokInspiredTableViewUITests.swift; sourceTree = "<group>"; };
		120A4D9D2334A68100674582 /* Info.plist */ = {isa = PBXFileReference; lastKnownFileType = text.plist.xml; path = Info.plist; sourceTree = "<group>"; };
		120A4DA92334A70F00674582 /* View.swift */ = {isa = PBXFileReference; lastKnownFileType = sourcecode.swift; path = View.swift; sourceTree = "<group>"; };
		120A4DAB2334A7C200674582 /* TTableViewTableViewController.swift */ = {isa = PBXFileReference; lastKnownFileType = sourcecode.swift; path = TTableViewTableViewController.swift; sourceTree = "<group>"; };
		120A4DAD2334A7FE00674582 /* TTableViewCell.swift */ = {isa = PBXFileReference; lastKnownFileType = sourcecode.swift; path = TTableViewCell.swift; sourceTree = "<group>"; };
		120A4DB02334D57C00674582 /* TITableViewController.swift */ = {isa = PBXFileReference; lastKnownFileType = sourcecode.swift; path = TITableViewController.swift; sourceTree = "<group>"; };
		1267D9382335F9F2004DC2AF /* PlayVideo.swift */ = {isa = PBXFileReference; lastKnownFileType = sourcecode.swift; path = PlayVideo.swift; sourceTree = "<group>"; };
/* End PBXFileReference section */

/* Begin PBXFrameworksBuildPhase section */
		120A4D752334A68000674582 /* Frameworks */ = {
			isa = PBXFrameworksBuildPhase;
			buildActionMask = 2147483647;
			files = (
			);
			runOnlyForDeploymentPostprocessing = 0;
		};
		120A4D892334A68100674582 /* Frameworks */ = {
			isa = PBXFrameworksBuildPhase;
			buildActionMask = 2147483647;
			files = (
			);
			runOnlyForDeploymentPostprocessing = 0;
		};
		120A4D942334A68100674582 /* Frameworks */ = {
			isa = PBXFrameworksBuildPhase;
			buildActionMask = 2147483647;
			files = (
			);
			runOnlyForDeploymentPostprocessing = 0;
		};
/* End PBXFrameworksBuildPhase section */

/* Begin PBXGroup section */
		120A4D6F2334A68000674582 = {
			isa = PBXGroup;
			children = (
				120A4D7A2334A68000674582 /* TicTokInspiredTableView */,
				120A4D8F2334A68100674582 /* TicTokInspiredTableViewTests */,
				120A4D9A2334A68100674582 /* TicTokInspiredTableViewUITests */,
				120A4D792334A68000674582 /* Products */,
			);
			sourceTree = "<group>";
		};
		120A4D792334A68000674582 /* Products */ = {
			isa = PBXGroup;
			children = (
				120A4D782334A68000674582 /* TicTokInspiredTableView.app */,
				120A4D8C2334A68100674582 /* TicTokInspiredTableViewTests.xctest */,
				120A4D972334A68100674582 /* TicTokInspiredTableViewUITests.xctest */,
			);
			name = Products;
			sourceTree = "<group>";
		};
		120A4D7A2334A68000674582 /* TicTokInspiredTableView */ = {
			isa = PBXGroup;
			children = (
				120A4DAF2334D52F00674582 /* TTableView */,
				120A4D7B2334A68000674582 /* AppDelegate.swift */,
				120A4D7D2334A68000674582 /* ViewController.swift */,
				120A4D7F2334A68000674582 /* Main.storyboard */,
				120A4D822334A68000674582 /* Assets.xcassets */,
				120A4D842334A68000674582 /* LaunchScreen.storyboard */,
				120A4D872334A68000674582 /* Info.plist */,
				120A4DA92334A70F00674582 /* View.swift */,
				120A4DAB2334A7C200674582 /* TTableViewTableViewController.swift */,
				120A4DAD2334A7FE00674582 /* TTableViewCell.swift */,
				1267D9382335F9F2004DC2AF /* PlayVideo.swift */,
			);
			path = TicTokInspiredTableView;
			sourceTree = "<group>";
		};
		120A4D8F2334A68100674582 /* TicTokInspiredTableViewTests */ = {
			isa = PBXGroup;
			children = (
				120A4D902334A68100674582 /* TicTokInspiredTableViewTests.swift */,
				120A4D922334A68100674582 /* Info.plist */,
			);
			path = TicTokInspiredTableViewTests;
			sourceTree = "<group>";
		};
		120A4D9A2334A68100674582 /* TicTokInspiredTableViewUITests */ = {
			isa = PBXGroup;
			children = (
				120A4D9B2334A68100674582 /* TicTokInspiredTableViewUITests.swift */,
				120A4D9D2334A68100674582 /* Info.plist */,
			);
			path = TicTokInspiredTableViewUITests;
			sourceTree = "<group>";
		};
		120A4DAF2334D52F00674582 /* TTableView */ = {
			isa = PBXGroup;
			children = (
				120A4DB02334D57C00674582 /* TITableViewController.swift */,
			);
			path = TTableView;
			sourceTree = "<group>";
		};
/* End PBXGroup section */

/* Begin PBXNativeTarget section */
		120A4D772334A68000674582 /* TicTokInspiredTableView */ = {
			isa = PBXNativeTarget;
			buildConfigurationList = 120A4DA02334A68100674582 /* Build configuration list for PBXNativeTarget "TicTokInspiredTableView" */;
			buildPhases = (
				120A4D742334A68000674582 /* Sources */,
				120A4D752334A68000674582 /* Frameworks */,
				120A4D762334A68000674582 /* Resources */,
			);
			buildRules = (
			);
			dependencies = (
			);
			name = TicTokInspiredTableView;
			productName = TicTokInspiredTableView;
			productReference = 120A4D782334A68000674582 /* TicTokInspiredTableView.app */;
			productType = "com.apple.product-type.application";
		};
		120A4D8B2334A68100674582 /* TicTokInspiredTableViewTests */ = {
			isa = PBXNativeTarget;
			buildConfigurationList = 120A4DA32334A68100674582 /* Build configuration list for PBXNativeTarget "TicTokInspiredTableViewTests" */;
			buildPhases = (
				120A4D882334A68100674582 /* Sources */,
				120A4D892334A68100674582 /* Frameworks */,
				120A4D8A2334A68100674582 /* Resources */,
			);
			buildRules = (
			);
			dependencies = (
				120A4D8E2334A68100674582 /* PBXTargetDependency */,
			);
			name = TicTokInspiredTableViewTests;
			productName = TicTokInspiredTableViewTests;
			productReference = 120A4D8C2334A68100674582 /* TicTokInspiredTableViewTests.xctest */;
			productType = "com.apple.product-type.bundle.unit-test";
		};
		120A4D962334A68100674582 /* TicTokInspiredTableViewUITests */ = {
			isa = PBXNativeTarget;
			buildConfigurationList = 120A4DA62334A68100674582 /* Build configuration list for PBXNativeTarget "TicTokInspiredTableViewUITests" */;
			buildPhases = (
				120A4D932334A68100674582 /* Sources */,
				120A4D942334A68100674582 /* Frameworks */,
				120A4D952334A68100674582 /* Resources */,
			);
			buildRules = (
			);
			dependencies = (
				120A4D992334A68100674582 /* PBXTargetDependency */,
			);
			name = TicTokInspiredTableViewUITests;
			productName = TicTokInspiredTableViewUITests;
			productReference = 120A4D972334A68100674582 /* TicTokInspiredTableViewUITests.xctest */;
			productType = "com.apple.product-type.bundle.ui-testing";
		};
/* End PBXNativeTarget section */

/* Begin PBXProject section */
		120A4D702334A68000674582 /* Project object */ = {
			isa = PBXProject;
			attributes = {
				LastSwiftUpdateCheck = 1030;
				LastUpgradeCheck = 1030;
				ORGANIZATIONNAME = "Afsar Sir";
				TargetAttributes = {
					120A4D772334A68000674582 = {
						CreatedOnToolsVersion = 10.3;
					};
					120A4D8B2334A68100674582 = {
						CreatedOnToolsVersion = 10.3;
						TestTargetID = 120A4D772334A68000674582;
					};
					120A4D962334A68100674582 = {
						CreatedOnToolsVersion = 10.3;
						TestTargetID = 120A4D772334A68000674582;
					};
				};
			};
			buildConfigurationList = 120A4D732334A68000674582 /* Build configuration list for PBXProject "TicTokInspiredTableView" */;
			compatibilityVersion = "Xcode 9.3";
			developmentRegion = en;
			hasScannedForEncodings = 0;
			knownRegions = (
				en,
				Base,
			);
			mainGroup = 120A4D6F2334A68000674582;
			productRefGroup = 120A4D792334A68000674582 /* Products */;
			projectDirPath = "";
			projectRoot = "";
			targets = (
				120A4D772334A68000674582 /* TicTokInspiredTableView */,
				120A4D8B2334A68100674582 /* TicTokInspiredTableViewTests */,
				120A4D962334A68100674582 /* TicTokInspiredTableViewUITests */,
			);
		};
/* End PBXProject section */

/* Begin PBXResourcesBuildPhase section */
		120A4D762334A68000674582 /* Resources */ = {
			isa = PBXResourcesBuildPhase;
			buildActionMask = 2147483647;
			files = (
				120A4D862334A68000674582 /* LaunchScreen.storyboard in Resources */,
				120A4D832334A68000674582 /* Assets.xcassets in Resources */,
				120A4D812334A68000674582 /* Main.storyboard in Resources */,
			);
			runOnlyForDeploymentPostprocessing = 0;
		};
		120A4D8A2334A68100674582 /* Resources */ = {
			isa = PBXResourcesBuildPhase;
			buildActionMask = 2147483647;
			files = (
			);
			runOnlyForDeploymentPostprocessing = 0;
		};
		120A4D952334A68100674582 /* Resources */ = {
			isa = PBXResourcesBuildPhase;
			buildActionMask = 2147483647;
			files = (
			);
			runOnlyForDeploymentPostprocessing = 0;
		};
/* End PBXResourcesBuildPhase section */

/* Begin PBXSourcesBuildPhase section */
		120A4D742334A68000674582 /* Sources */ = {
			isa = PBXSourcesBuildPhase;
			buildActionMask = 2147483647;
			files = (
				120A4DB12334D57C00674582 /* TITableViewController.swift in Sources */,
				120A4DAC2334A7C200674582 /* TTableViewTableViewController.swift in Sources */,
				120A4D7E2334A68000674582 /* ViewController.swift in Sources */,
				120A4DAE2334A7FE00674582 /* TTableViewCell.swift in Sources */,
				120A4D7C2334A68000674582 /* AppDelegate.swift in Sources */,
				1267D9392335F9F2004DC2AF /* PlayVideo.swift in Sources */,
				120A4DAA2334A70F00674582 /* View.swift in Sources */,
			);
			runOnlyForDeploymentPostprocessing = 0;
		};
		120A4D882334A68100674582 /* Sources */ = {
			isa = PBXSourcesBuildPhase;
			buildActionMask = 2147483647;
			files = (
				120A4D912334A68100674582 /* TicTokInspiredTableViewTests.swift in Sources */,
			);
			runOnlyForDeploymentPostprocessing = 0;
		};
		120A4D932334A68100674582 /* Sources */ = {
			isa = PBXSourcesBuildPhase;
			buildActionMask = 2147483647;
			files = (
				120A4D9C2334A68100674582 /* TicTokInspiredTableViewUITests.swift in Sources */,
			);
			runOnlyForDeploymentPostprocessing = 0;
		};
/* End PBXSourcesBuildPhase section */

/* Begin PBXTargetDependency section */
		120A4D8E2334A68100674582 /* PBXTargetDependency */ = {
			isa = PBXTargetDependency;
			target = 120A4D772334A68000674582 /* TicTokInspiredTableView */;
			targetProxy = 120A4D8D2334A68100674582 /* PBXContainerItemProxy */;
		};
		120A4D992334A68100674582 /* PBXTargetDependency */ = {
			isa = PBXTargetDependency;
			target = 120A4D772334A68000674582 /* TicTokInspiredTableView */;
			targetProxy = 120A4D982334A68100674582 /* PBXContainerItemProxy */;
		};
/* End PBXTargetDependency section */

/* Begin PBXVariantGroup section */
		120A4D7F2334A68000674582 /* Main.storyboard */ = {
			isa = PBXVariantGroup;
			children = (
				120A4D802334A68000674582 /* Base */,
			);
			name = Main.storyboard;
			sourceTree = "<group>";
		};
		120A4D842334A68000674582 /* LaunchScreen.storyboard */ = {
			isa = PBXVariantGroup;
			children = (
				120A4D852334A68000674582 /* Base */,
			);
			name = LaunchScreen.storyboard;
			sourceTree = "<group>";
		};
/* End PBXVariantGroup section */

/* Begin XCBuildConfiguration section */
		120A4D9E2334A68100674582 /* Debug */ = {
			isa = XCBuildConfiguration;
			buildSettings = {
				ALWAYS_SEARCH_USER_PATHS = NO;
				CLANG_ANALYZER_NONNULL = YES;
				CLANG_ANALYZER_NUMBER_OBJECT_CONVERSION = YES_AGGRESSIVE;
				CLANG_CXX_LANGUAGE_STANDARD = "gnu++14";
				CLANG_CXX_LIBRARY = "libc++";
				CLANG_ENABLE_MODULES = YES;
				CLANG_ENABLE_OBJC_ARC = YES;
				CLANG_ENABLE_OBJC_WEAK = YES;
				CLANG_WARN_BLOCK_CAPTURE_AUTORELEASING = YES;
				CLANG_WARN_BOOL_CONVERSION = YES;
				CLANG_WARN_COMMA = YES;
				CLANG_WARN_CONSTANT_CONVERSION = YES;
				CLANG_WARN_DEPRECATED_OBJC_IMPLEMENTATIONS = YES;
				CLANG_WARN_DIRECT_OBJC_ISA_USAGE = YES_ERROR;
				CLANG_WARN_DOCUMENTATION_COMMENTS = YES;
				CLANG_WARN_EMPTY_BODY = YES;
				CLANG_WARN_ENUM_CONVERSION = YES;
				CLANG_WARN_INFINITE_RECURSION = YES;
				CLANG_WARN_INT_CONVERSION = YES;
				CLANG_WARN_NON_LITERAL_NULL_CONVERSION = YES;
				CLANG_WARN_OBJC_IMPLICIT_RETAIN_SELF = YES;
				CLANG_WARN_OBJC_LITERAL_CONVERSION = YES;
				CLANG_WARN_OBJC_ROOT_CLASS = YES_ERROR;
				CLANG_WARN_RANGE_LOOP_ANALYSIS = YES;
				CLANG_WARN_STRICT_PROTOTYPES = YES;
				CLANG_WARN_SUSPICIOUS_MOVE = YES;
				CLANG_WARN_UNGUARDED_AVAILABILITY = YES_AGGRESSIVE;
				CLANG_WARN_UNREACHABLE_CODE = YES;
				CLANG_WARN__DUPLICATE_METHOD_MATCH = YES;
				CODE_SIGN_IDENTITY = "iPhone Developer";
				COPY_PHASE_STRIP = NO;
				DEBUG_INFORMATION_FORMAT = dwarf;
				ENABLE_STRICT_OBJC_MSGSEND = YES;
				ENABLE_TESTABILITY = YES;
				GCC_C_LANGUAGE_STANDARD = gnu11;
				GCC_DYNAMIC_NO_PIC = NO;
				GCC_NO_COMMON_BLOCKS = YES;
				GCC_OPTIMIZATION_LEVEL = 0;
				GCC_PREPROCESSOR_DEFINITIONS = (
					"DEBUG=1",
					"$(inherited)",
				);
				GCC_WARN_64_TO_32_BIT_CONVERSION = YES;
				GCC_WARN_ABOUT_RETURN_TYPE = YES_ERROR;
				GCC_WARN_UNDECLARED_SELECTOR = YES;
				GCC_WARN_UNINITIALIZED_AUTOS = YES_AGGRESSIVE;
				GCC_WARN_UNUSED_FUNCTION = YES;
				GCC_WARN_UNUSED_VARIABLE = YES;
				IPHONEOS_DEPLOYMENT_TARGET = 12.4;
				MTL_ENABLE_DEBUG_INFO = INCLUDE_SOURCE;
				MTL_FAST_MATH = YES;
				ONLY_ACTIVE_ARCH = YES;
				SDKROOT = iphoneos;
				SWIFT_ACTIVE_COMPILATION_CONDITIONS = DEBUG;
				SWIFT_OPTIMIZATION_LEVEL = "-Onone";
			};
			name = Debug;
		};
		120A4D9F2334A68100674582 /* Release */ = {
			isa = XCBuildConfiguration;
			buildSettings = {
				ALWAYS_SEARCH_USER_PATHS = NO;
				CLANG_ANALYZER_NONNULL = YES;
				CLANG_ANALYZER_NUMBER_OBJECT_CONVERSION = YES_AGGRESSIVE;
				CLANG_CXX_LANGUAGE_STANDARD = "gnu++14";
				CLANG_CXX_LIBRARY = "libc++";
				CLANG_ENABLE_MODULES = YES;
				CLANG_ENABLE_OBJC_ARC = YES;
				CLANG_ENABLE_OBJC_WEAK = YES;
				CLANG_WARN_BLOCK_CAPTURE_AUTORELEASING = YES;
				CLANG_WARN_BOOL_CONVERSION = YES;
				CLANG_WARN_COMMA = YES;
				CLANG_WARN_CONSTANT_CONVERSION = YES;
				CLANG_WARN_DEPRECATED_OBJC_IMPLEMENTATIONS = YES;
				CLANG_WARN_DIRECT_OBJC_ISA_USAGE = YES_ERROR;
				CLANG_WARN_DOCUMENTATION_COMMENTS = YES;
				CLANG_WARN_EMPTY_BODY = YES;
				CLANG_WARN_ENUM_CONVERSION = YES;
				CLANG_WARN_INFINITE_RECURSION = YES;
				CLANG_WARN_INT_CONVERSION = YES;
				CLANG_WARN_NON_LITERAL_NULL_CONVERSION = YES;
				CLANG_WARN_OBJC_IMPLICIT_RETAIN_SELF = YES;
				CLANG_WARN_OBJC_LITERAL_CONVERSION = YES;
				CLANG_WARN_OBJC_ROOT_CLASS = YES_ERROR;
				CLANG_WARN_RANGE_LOOP_ANALYSIS = YES;
				CLANG_WARN_STRICT_PROTOTYPES = YES;
				CLANG_WARN_SUSPICIOUS_MOVE = YES;
				CLANG_WARN_UNGUARDED_AVAILABILITY = YES_AGGRESSIVE;
				CLANG_WARN_UNREACHABLE_CODE = YES;
				CLANG_WARN__DUPLICATE_METHOD_MATCH = YES;
				CODE_SIGN_IDENTITY = "iPhone Developer";
				COPY_PHASE_STRIP = NO;
				DEBUG_INFORMATION_FORMAT = "dwarf-with-dsym";
				ENABLE_NS_ASSERTIONS = NO;
				ENABLE_STRICT_OBJC_MSGSEND = YES;
				GCC_C_LANGUAGE_STANDARD = gnu11;
				GCC_NO_COMMON_BLOCKS = YES;
				GCC_WARN_64_TO_32_BIT_CONVERSION = YES;
				GCC_WARN_ABOUT_RETURN_TYPE = YES_ERROR;
				GCC_WARN_UNDECLARED_SELECTOR = YES;
				GCC_WARN_UNINITIALIZED_AUTOS = YES_AGGRESSIVE;
				GCC_WARN_UNUSED_FUNCTION = YES;
				GCC_WARN_UNUSED_VARIABLE = YES;
				IPHONEOS_DEPLOYMENT_TARGET = 12.4;
				MTL_ENABLE_DEBUG_INFO = NO;
				MTL_FAST_MATH = YES;
				SDKROOT = iphoneos;
				SWIFT_COMPILATION_MODE = wholemodule;
				SWIFT_OPTIMIZATION_LEVEL = "-O";
				VALIDATE_PRODUCT = YES;
			};
			name = Release;
		};
		120A4DA12334A68100674582 /* Debug */ = {
			isa = XCBuildConfiguration;
			buildSettings = {
				ASSETCATALOG_COMPILER_APPICON_NAME = AppIcon;
				CODE_SIGN_STYLE = Automatic;
				DEVELOPMENT_TEAM = 96D69N5Y99;
				INFOPLIST_FILE = TicTokInspiredTableView/Info.plist;
				IPHONEOS_DEPLOYMENT_TARGET = 12.0;
				LD_RUNPATH_SEARCH_PATHS = (
					"$(inherited)",
					"@executable_path/Frameworks",
				);
				PRODUCT_BUNDLE_IDENTIFIER = introtuce.TicTokInspiredTableView;
				PRODUCT_NAME = "$(TARGET_NAME)";
				SWIFT_VERSION = 5.0;
				TARGETED_DEVICE_FAMILY = "1,2";
			};
			name = Debug;
		};
		120A4DA22334A68100674582 /* Release */ = {
			isa = XCBuildConfiguration;
			buildSettings = {
				ASSETCATALOG_COMPILER_APPICON_NAME = AppIcon;
				CODE_SIGN_STYLE = Automatic;
				DEVELOPMENT_TEAM = 96D69N5Y99;
				INFOPLIST_FILE = TicTokInspiredTableView/Info.plist;
				IPHONEOS_DEPLOYMENT_TARGET = 12.0;
				LD_RUNPATH_SEARCH_PATHS = (
					"$(inherited)",
					"@executable_path/Frameworks",
				);
				PRODUCT_BUNDLE_IDENTIFIER = introtuce.TicTokInspiredTableView;
				PRODUCT_NAME = "$(TARGET_NAME)";
				SWIFT_VERSION = 5.0;
				TARGETED_DEVICE_FAMILY = "1,2";
			};
			name = Release;
		};
		120A4DA42334A68100674582 /* Debug */ = {
			isa = XCBuildConfiguration;
			buildSettings = {
				ALWAYS_EMBED_SWIFT_STANDARD_LIBRARIES = YES;
				BUNDLE_LOADER = "$(TEST_HOST)";
				CODE_SIGN_STYLE = Automatic;
				DEVELOPMENT_TEAM = 96D69N5Y99;
				INFOPLIST_FILE = TicTokInspiredTableViewTests/Info.plist;
				LD_RUNPATH_SEARCH_PATHS = (
					"$(inherited)",
					"@executable_path/Frameworks",
					"@loader_path/Frameworks",
				);
				PRODUCT_BUNDLE_IDENTIFIER = introtuce.TicTokInspiredTableViewTests;
				PRODUCT_NAME = "$(TARGET_NAME)";
				SWIFT_VERSION = 5.0;
				TARGETED_DEVICE_FAMILY = "1,2";
				TEST_HOST = "$(BUILT_PRODUCTS_DIR)/TicTokInspiredTableView.app/TicTokInspiredTableView";
			};
			name = Debug;
		};
		120A4DA52334A68100674582 /* Release */ = {
			isa = XCBuildConfiguration;
			buildSettings = {
				ALWAYS_EMBED_SWIFT_STANDARD_LIBRARIES = YES;
				BUNDLE_LOADER = "$(TEST_HOST)";
				CODE_SIGN_STYLE = Automatic;
				DEVELOPMENT_TEAM = 96D69N5Y99;
				INFOPLIST_FILE = TicTokInspiredTableViewTests/Info.plist;
				LD_RUNPATH_SEARCH_PATHS = (
					"$(inherited)",
					"@executable_path/Frameworks",
					"@loader_path/Frameworks",
				);
				PRODUCT_BUNDLE_IDENTIFIER = introtuce.TicTokInspiredTableViewTests;
				PRODUCT_NAME = "$(TARGET_NAME)";
				SWIFT_VERSION = 5.0;
				TARGETED_DEVICE_FAMILY = "1,2";
				TEST_HOST = "$(BUILT_PRODUCTS_DIR)/TicTokInspiredTableView.app/TicTokInspiredTableView";
			};
			name = Release;
		};
		120A4DA72334A68100674582 /* Debug */ = {
			isa = XCBuildConfiguration;
			buildSettings = {
				ALWAYS_EMBED_SWIFT_STANDARD_LIBRARIES = YES;
				CODE_SIGN_STYLE = Automatic;
				DEVELOPMENT_TEAM = 96D69N5Y99;
				INFOPLIST_FILE = TicTokInspiredTableViewUITests/Info.plist;
				LD_RUNPATH_SEARCH_PATHS = (
					"$(inherited)",
					"@executable_path/Frameworks",
					"@loader_path/Frameworks",
				);
				PRODUCT_BUNDLE_IDENTIFIER = introtuce.TicTokInspiredTableViewUITests;
				PRODUCT_NAME = "$(TARGET_NAME)";
				SWIFT_VERSION = 5.0;
				TARGETED_DEVICE_FAMILY = "1,2";
				TEST_TARGET_NAME = TicTokInspiredTableView;
			};
			name = Debug;
		};
		120A4DA82334A68100674582 /* Release */ = {
			isa = XCBuildConfiguration;
			buildSettings = {
				ALWAYS_EMBED_SWIFT_STANDARD_LIBRARIES = YES;
				CODE_SIGN_STYLE = Automatic;
				DEVELOPMENT_TEAM = 96D69N5Y99;
				INFOPLIST_FILE = TicTokInspiredTableViewUITests/Info.plist;
				LD_RUNPATH_SEARCH_PATHS = (
					"$(inherited)",
					"@executable_path/Frameworks",
					"@loader_path/Frameworks",
				);
				PRODUCT_BUNDLE_IDENTIFIER = introtuce.TicTokInspiredTableViewUITests;
				PRODUCT_NAME = "$(TARGET_NAME)";
				SWIFT_VERSION = 5.0;
				TARGETED_DEVICE_FAMILY = "1,2";
				TEST_TARGET_NAME = TicTokInspiredTableView;
			};
			name = Release;
		};
/* End XCBuildConfiguration section */

/* Begin XCConfigurationList section */
		120A4D732334A68000674582 /* Build configuration list for PBXProject "TicTokInspiredTableView" */ = {
			isa = XCConfigurationList;
			buildConfigurations = (
				120A4D9E2334A68100674582 /* Debug */,
				120A4D9F2334A68100674582 /* Release */,
			);
			defaultConfigurationIsVisible = 0;
			defaultConfigurationName = Release;
		};
		120A4DA02334A68100674582 /* Build configuration list for PBXNativeTarget "TicTokInspiredTableView" */ = {
			isa = XCConfigurationList;
			buildConfigurations = (
				120A4DA12334A68100674582 /* Debug */,
				120A4DA22334A68100674582 /* Release */,
			);
			defaultConfigurationIsVisible = 0;
			defaultConfigurationName = Release;
		};
		120A4DA32334A68100674582 /* Build configuration list for PBXNativeTarget "TicTokInspiredTableViewTests" */ = {
			isa = XCConfigurationList;
			buildConfigurations = (
				120A4DA42334A68100674582 /* Debug */,
				120A4DA52334A68100674582 /* Release */,
			);
			defaultConfigurationIsVisible = 0;
			defaultConfigurationName = Release;
		};
		120A4DA62334A68100674582 /* Build configuration list for PBXNativeTarget "TicTokInspiredTableViewUITests" */ = {
			isa = XCConfigurationList;
			buildConfigurations = (
				120A4DA72334A68100674582 /* Debug */,
				120A4DA82334A68100674582 /* Release */,
			);
			defaultConfigurationIsVisible = 0;
			defaultConfigurationName = Release;
		};
/* End XCConfigurationList section */
	};
	rootObject = 120A4D702334A68000674582 /* Project object */;
}
